
Microsoft Visual Studio Solution File, Format Version 12.00
# Visual Studio 15
VisualStudioVersion = 15.0.27703.2000
MinimumVisualStudioVersion = 10.0.40219.1
Project("{FAE04EC0-301F-11D3-BF4B-00C04F79EFBC}") = "IdentityServer", "IdentityServer\IdentityServer.csproj", "{26614C53-269F-42B4-9CA3-8B0B9C238660}"
EndProject
Project("{E53339B2-1760-4266-BCC7-CA923CBCF16C}") = "docker-compose", "docker-compose.dcproj", "{AE06B369-86F5-4BDC-B7E6-9C02A9618849}"
EndProject
Global
	GlobalSection(SolutionConfigurationPlatforms) = preSolution
		Debug|Any CPU = Debug|Any CPU
		Release|Any CPU = Release|Any CPU
	EndGlobalSection
	GlobalSection(ProjectConfigurationPlatforms) = postSolution
		{26614C53-269F-42B4-9CA3-8B0B9C238660}.Debug|Any CPU.ActiveCfg = Debug|Any CPU
		{26614C53-269F-42B4-9CA3-8B0B9C238660}.Debug|Any CPU.Build.0 = Debug|Any CPU
		{26614C53-269F-42B4-9CA3-8B0B9C238660}.Release|Any CPU.ActiveCfg = Release|Any CPU
		{26614C53-269F-42B4-9CA3-8B0B9C238660}.Release|Any CPU.Build.0 = Release|Any CPU
		{AE06B369-86F5-4BDC-B7E6-9C02A9618849}.Debug|Any CPU.ActiveCfg = Debug|Any CPU
		{AE06B369-86F5-4BDC-B7E6-9C02A9618849}.Debug|Any CPU.Build.0 = Debug|Any CPU
		{AE06B369-86F5-4BDC-B7E6-9C02A9618849}.Release|Any CPU.ActiveCfg = Release|Any CPU
		{AE06B369-86F5-4BDC-B7E6-9C02A9618849}.Release|Any CPU.Build.0 = Release|Any CPU
	EndGlobalSection
	GlobalSection(SolutionProperties) = preSolution
		HideSolutionNode = FALSE
	EndGlobalSection
	GlobalSection(ExtensibilityGlobals) = postSolution
		SolutionGuid = {11D3BB9D-D93E-42E6-B6EF-6E4E926B605A}
	EndGlobalSection
EndGlobal
